
Microsoft Visual Studio Solution File, Format Version 12.00
# Visual Studio Version 16
VisualStudioVersion = 16.0.809.2
MinimumVisualStudioVersion = 10.0.40219.1
Project("{9A19103F-16F7-4668-BE54-9A1E7A4F7556}") = "AttendanceSystem", "AttendanceSystem\AttendanceSystem.csproj", "{9CEF6C7A-BB4A-4FA3-B478-C46ABF84CE05}"
EndProject
Global
	GlobalSection(SolutionConfigurationPlatforms) = preSolution
		Debug|Any CPU = Debug|Any CPU
		Release|Any CPU = Release|Any CPU
	EndGlobalSection
	GlobalSection(ProjectConfigurationPlatforms) = postSolution
		{9CEF6C7A-BB4A-4FA3-B478-C46ABF84CE05}.Debug|Any CPU.ActiveCfg = Debug|Any CPU
		{9CEF6C7A-BB4A-4FA3-B478-C46ABF84CE05}.Debug|Any CPU.Build.0 = Debug|Any CPU
		{9CEF6C7A-BB4A-4FA3-B478-C46ABF84CE05}.Release|Any CPU.ActiveCfg = Release|Any CPU
		{9CEF6C7A-BB4A-4FA3-B478-C46ABF84CE05}.Release|Any CPU.Build.0 = Release|Any CPU
	EndGlobalSection
	GlobalSection(SolutionProperties) = preSolution
		HideSolutionNode = FALSE
	EndGlobalSection
	GlobalSection(ExtensibilityGlobals) = postSolution
		SolutionGuid = {46F75A3A-842E-42A4-A81E-007CAA5D0F83}
	EndGlobalSection
EndGlobal
